// !$*UTF8*$!
{
	archiveVersion = 1;
	classes = {
	};
	objectVersion = 46;
	objects = {

/* Begin PBXBuildFile section */
		6527FA3D1BF11E5C00E0FB5D /* ExpandedDateRangePickerController.xib in Resources */ = {isa = PBXBuildFile; fileRef = 6527FA3F1BF11E5C00E0FB5D /* ExpandedDateRangePickerController.xib */; };
		6527FA431BF11FCA00E0FB5D /* Localizable.strings in Resources */ = {isa = PBXBuildFile; fileRef = 6527FA411BF11FCA00E0FB5D /* Localizable.strings */; };
		6527FA471BF1230900E0FB5D /* LocalizationHelper.swift in Sources */ = {isa = PBXBuildFile; fileRef = 6527FA461BF1230900E0FB5D /* LocalizationHelper.swift */; };
		659FB87B201678B20046CAD1 /* DateErrorLogger.swift in Sources */ = {isa = PBXBuildFile; fileRef = 659FB87A201678B20046CAD1 /* DateErrorLogger.swift */; };
		65F770EB1BEE162A0007D80E /* DateRangePicker.h in Headers */ = {isa = PBXBuildFile; fileRef = 65F770EA1BEE162A0007D80E /* DateRangePicker.h */; settings = {ATTRIBUTES = (Public, ); }; };
		65F770F21BEE162A0007D80E /* DateRangePicker.framework in Frameworks */ = {isa = PBXBuildFile; fileRef = 65F770E71BEE162A0007D80E /* DateRangePicker.framework */; };
		65F771081BEE16440007D80E /* AppDelegate.swift in Sources */ = {isa = PBXBuildFile; fileRef = 65F771071BEE16440007D80E /* AppDelegate.swift */; };
		65F7710A1BEE16440007D80E /* ViewController.swift in Sources */ = {isa = PBXBuildFile; fileRef = 65F771091BEE16440007D80E /* ViewController.swift */; };
		65F7710C1BEE16440007D80E /* Assets.xcassets in Resources */ = {isa = PBXBuildFile; fileRef = 65F7710B1BEE16440007D80E /* Assets.xcassets */; };
		65F7710F1BEE16440007D80E /* Main.storyboard in Resources */ = {isa = PBXBuildFile; fileRef = 65F7710D1BEE16440007D80E /* Main.storyboard */; };
		65F7711A1BEE16440007D80E /* DateRangePickerDemoUITests.swift in Sources */ = {isa = PBXBuildFile; fileRef = 65F771191BEE16440007D80E /* DateRangePickerDemoUITests.swift */; };
		65F771231BEE16760007D80E /* DateRangePickerView.swift in Sources */ = {isa = PBXBuildFile; fileRef = 65F771221BEE16760007D80E /* DateRangePickerView.swift */; };
		65F771241BEE188F0007D80E /* DateRangePicker.framework in Frameworks */ = {isa = PBXBuildFile; fileRef = 65F770E71BEE162A0007D80E /* DateRangePicker.framework */; };
		65F7714A1BEE4B140007D80E /* NSDate_DateRangePicker.swift in Sources */ = {isa = PBXBuildFile; fileRef = 65F771491BEE4B140007D80E /* NSDate_DateRangePicker.swift */; };
		65F7714C1BEE4D910007D80E /* NSDate_DateRangePickerTest.swift in Sources */ = {isa = PBXBuildFile; fileRef = 65F7714B1BEE4D910007D80E /* NSDate_DateRangePickerTest.swift */; };
		65F7714F1BEE54CA0007D80E /* ExpandedDateRangePickerController.swift in Sources */ = {isa = PBXBuildFile; fileRef = 65F7714D1BEE54CA0007D80E /* ExpandedDateRangePickerController.swift */; };
		65F7715A1BEE79A30007D80E /* DateRange.swift in Sources */ = {isa = PBXBuildFile; fileRef = 65F771591BEE79A30007D80E /* DateRange.swift */; };
		65F7715C1BEF62F70007D80E /* DateRangeTest.swift in Sources */ = {isa = PBXBuildFile; fileRef = 65F7715B1BEF62F70007D80E /* DateRangeTest.swift */; };
/* End PBXBuildFile section */

/* Begin PBXContainerItemProxy section */
		65F770F31BEE162A0007D80E /* PBXContainerItemProxy */ = {
			isa = PBXContainerItemProxy;
			containerPortal = 65F770DE1BEE162A0007D80E /* Project object */;
			proxyType = 1;
			remoteGlobalIDString = 65F770E61BEE162A0007D80E;
			remoteInfo = DateRangePicker;
		};
		65F771161BEE16440007D80E /* PBXContainerItemProxy */ = {
			isa = PBXContainerItemProxy;
			containerPortal = 65F770DE1BEE162A0007D80E /* Project object */;
			proxyType = 1;
			remoteGlobalIDString = 65F771041BEE16440007D80E;
			remoteInfo = DateRangePickerDemo;
		};
		65F771251BEE18A20007D80E /* PBXContainerItemProxy */ = {
			isa = PBXContainerItemProxy;
			containerPortal = 65F770DE1BEE162A0007D80E /* Project object */;
			proxyType = 1;
			remoteGlobalIDString = 65F770E61BEE162A0007D80E;
			remoteInfo = DateRangePicker;
		};
/* End PBXContainerItemProxy section */

/* Begin PBXFileReference section */
		24601D981DCA4685002B085D /* ru */ = {isa = PBXFileReference; lastKnownFileType = text.plist.strings; name = ru; path = ru.lproj/ExpandedDateRangePickerController.strings; sourceTree = "<group>"; };
		24601D991DCA4685002B085D /* ru */ = {isa = PBXFileReference; lastKnownFileType = text.plist.strings; name = ru; path = ru.lproj/Main.strings; sourceTree = "<group>"; };
		24601D9A1DCA4685002B085D /* ru */ = {isa = PBXFileReference; lastKnownFileType = text.plist.strings; name = ru; path = ru.lproj/Localizable.strings; sourceTree = "<group>"; };
		650A03A7213842E50031A1E0 /* zh-Hans */ = {isa = PBXFileReference; lastKnownFileType = text.plist.strings; name = "zh-Hans"; path = "zh-Hans.lproj/ExpandedDateRangePickerController.strings"; sourceTree = "<group>"; };
		650A03AF213842E60031A1E0 /* zh-Hans */ = {isa = PBXFileReference; lastKnownFileType = text.plist.strings; name = "zh-Hans"; path = "zh-Hans.lproj/Localizable.strings"; sourceTree = "<group>"; };
		6527FA3E1BF11E5C00E0FB5D /* Base */ = {isa = PBXFileReference; lastKnownFileType = file.xib; name = Base; path = Base.lproj/ExpandedDateRangePickerController.xib; sourceTree = "<group>"; };
		6527FA401BF11E6D00E0FB5D /* de */ = {isa = PBXFileReference; lastKnownFileType = text.plist.strings; name = de; path = de.lproj/ExpandedDateRangePickerController.strings; sourceTree = "<group>"; };
		6527FA421BF11FCA00E0FB5D /* de */ = {isa = PBXFileReference; lastKnownFileType = text.plist.strings; name = de; path = de.lproj/Localizable.strings; sourceTree = "<group>"; };
		6527FA451BF121C100E0FB5D /* de */ = {isa = PBXFileReference; lastKnownFileType = text.plist.strings; name = de; path = de.lproj/Main.strings; sourceTree = "<group>"; };
		6527FA461BF1230900E0FB5D /* LocalizationHelper.swift */ = {isa = PBXFileReference; fileEncoding = 4; lastKnownFileType = sourcecode.swift; path = LocalizationHelper.swift; sourceTree = "<group>"; };
		659FB87A201678B20046CAD1 /* DateErrorLogger.swift */ = {isa = PBXFileReference; lastKnownFileType = sourcecode.swift; path = DateErrorLogger.swift; sourceTree = "<group>"; };
		65F770E71BEE162A0007D80E /* DateRangePicker.framework */ = {isa = PBXFileReference; explicitFileType = wrapper.framework; includeInIndex = 0; path = DateRangePicker.framework; sourceTree = BUILT_PRODUCTS_DIR; };
		65F770EA1BEE162A0007D80E /* DateRangePicker.h */ = {isa = PBXFileReference; lastKnownFileType = sourcecode.c.h; path = DateRangePicker.h; sourceTree = "<group>"; };
		65F770EC1BEE162A0007D80E /* Info.plist */ = {isa = PBXFileReference; lastKnownFileType = text.plist.xml; path = Info.plist; sourceTree = "<group>"; };
		65F770F11BEE162A0007D80E /* DateRangePickerTests.xctest */ = {isa = PBXFileReference; explicitFileType = wrapper.cfbundle; includeInIndex = 0; path = DateRangePickerTests.xctest; sourceTree = BUILT_PRODUCTS_DIR; };
		65F770F81BEE162A0007D80E /* Info.plist */ = {isa = PBXFileReference; lastKnownFileType = text.plist.xml; path = Info.plist; sourceTree = "<group>"; };
		65F771051BEE16440007D80E /* DateRangePickerDemo.app */ = {isa = PBXFileReference; explicitFileType = wrapper.application; includeInIndex = 0; path = DateRangePickerDemo.app; sourceTree = BUILT_PRODUCTS_DIR; };
		65F771071BEE16440007D80E /* AppDelegate.swift */ = {isa = PBXFileReference; lastKnownFileType = sourcecode.swift; path = AppDelegate.swift; sourceTree = "<group>"; };
		65F771091BEE16440007D80E /* ViewController.swift */ = {isa = PBXFileReference; lastKnownFileType = sourcecode.swift; path = ViewController.swift; sourceTree = "<group>"; };
		65F7710B1BEE16440007D80E /* Assets.xcassets */ = {isa = PBXFileReference; lastKnownFileType = folder.assetcatalog; path = Assets.xcassets; sourceTree = "<group>"; };
		65F7710E1BEE16440007D80E /* Base */ = {isa = PBXFileReference; lastKnownFileType = file.storyboard; name = Base; path = Base.lproj/Main.storyboard; sourceTree = "<group>"; };
		65F771101BEE16440007D80E /* Info.plist */ = {isa = PBXFileReference; lastKnownFileType = text.plist.xml; path = Info.plist; sourceTree = "<group>"; };
		65F771151BEE16440007D80E /* DateRangePickerDemoUITests.xctest */ = {isa = PBXFileReference; explicitFileType = wrapper.cfbundle; includeInIndex = 0; path = DateRangePickerDemoUITests.xctest; sourceTree = BUILT_PRODUCTS_DIR; };
		65F771191BEE16440007D80E /* DateRangePickerDemoUITests.swift */ = {isa = PBXFileReference; lastKnownFileType = sourcecode.swift; path = DateRangePickerDemoUITests.swift; sourceTree = "<group>"; };
		65F7711B1BEE16440007D80E /* Info.plist */ = {isa = PBXFileReference; lastKnownFileType = text.plist.xml; path = Info.plist; sourceTree = "<group>"; };
		65F771221BEE16760007D80E /* DateRangePickerView.swift */ = {isa = PBXFileReference; fileEncoding = 4; lastKnownFileType = sourcecode.swift; path = DateRangePickerView.swift; sourceTree = "<group>"; };
		65F771491BEE4B140007D80E /* NSDate_DateRangePicker.swift */ = {isa = PBXFileReference; fileEncoding = 4; lastKnownFileType = sourcecode.swift; path = NSDate_DateRangePicker.swift; sourceTree = "<group>"; };
		65F7714B1BEE4D910007D80E /* NSDate_DateRangePickerTest.swift */ = {isa = PBXFileReference; fileEncoding = 4; lastKnownFileType = sourcecode.swift; path = NSDate_DateRangePickerTest.swift; sourceTree = "<group>"; };
		65F7714D1BEE54CA0007D80E /* ExpandedDateRangePickerController.swift */ = {isa = PBXFileReference; fileEncoding = 4; lastKnownFileType = sourcecode.swift; path = ExpandedDateRangePickerController.swift; sourceTree = "<group>"; };
		65F771591BEE79A30007D80E /* DateRange.swift */ = {isa = PBXFileReference; fileEncoding = 4; lastKnownFileType = sourcecode.swift; path = DateRange.swift; sourceTree = "<group>"; };
		65F7715B1BEF62F70007D80E /* DateRangeTest.swift */ = {isa = PBXFileReference; fileEncoding = 4; lastKnownFileType = sourcecode.swift; path = DateRangeTest.swift; sourceTree = "<group>"; };
/* End PBXFileReference section */

/* Begin PBXFrameworksBuildPhase section */
		65F770E31BEE162A0007D80E /* Frameworks */ = {
			isa = PBXFrameworksBuildPhase;
			buildActionMask = 2147483647;
			files = (
			);
			runOnlyForDeploymentPostprocessing = 0;
		};
		65F770EE1BEE162A0007D80E /* Frameworks */ = {
			isa = PBXFrameworksBuildPhase;
			buildActionMask = 2147483647;
			files = (
				65F770F21BEE162A0007D80E /* DateRangePicker.framework in Frameworks */,
			);
			runOnlyForDeploymentPostprocessing = 0;
		};
		65F771021BEE16440007D80E /* Frameworks */ = {
			isa = PBXFrameworksBuildPhase;
			buildActionMask = 2147483647;
			files = (
				65F771241BEE188F0007D80E /* DateRangePicker.framework in Frameworks */,
			);
			runOnlyForDeploymentPostprocessing = 0;
		};
		65F771121BEE16440007D80E /* Frameworks */ = {
			isa = PBXFrameworksBuildPhase;
			buildActionMask = 2147483647;
			files = (
			);
			runOnlyForDeploymentPostprocessing = 0;
		};
/* End PBXFrameworksBuildPhase section */

/* Begin PBXGroup section */
		65F770DD1BEE162A0007D80E = {
			isa = PBXGroup;
			children = (
				65F770E91BEE162A0007D80E /* DateRangePicker */,
				65F770F51BEE162A0007D80E /* DateRangePickerTests */,
				65F771061BEE16440007D80E /* DateRangePickerDemo */,
				65F771181BEE16440007D80E /* DateRangePickerDemoUITests */,
				65F770E81BEE162A0007D80E /* Products */,
			);
			sourceTree = "<group>";
		};
		65F770E81BEE162A0007D80E /* Products */ = {
			isa = PBXGroup;
			children = (
				65F770E71BEE162A0007D80E /* DateRangePicker.framework */,
				65F770F11BEE162A0007D80E /* DateRangePickerTests.xctest */,
				65F771051BEE16440007D80E /* DateRangePickerDemo.app */,
				65F771151BEE16440007D80E /* DateRangePickerDemoUITests.xctest */,
			);
			name = Products;
			sourceTree = "<group>";
		};
		65F770E91BEE162A0007D80E /* DateRangePicker */ = {
			isa = PBXGroup;
			children = (
				65F770EA1BEE162A0007D80E /* DateRangePicker.h */,
				65F770EC1BEE162A0007D80E /* Info.plist */,
				65F771591BEE79A30007D80E /* DateRange.swift */,
				65F771221BEE16760007D80E /* DateRangePickerView.swift */,
				65F7714D1BEE54CA0007D80E /* ExpandedDateRangePickerController.swift */,
				6527FA3F1BF11E5C00E0FB5D /* ExpandedDateRangePickerController.xib */,
				65F771491BEE4B140007D80E /* NSDate_DateRangePicker.swift */,
				6527FA411BF11FCA00E0FB5D /* Localizable.strings */,
				6527FA461BF1230900E0FB5D /* LocalizationHelper.swift */,
				659FB87A201678B20046CAD1 /* DateErrorLogger.swift */,
			);
			path = DateRangePicker;
			sourceTree = "<group>";
		};
		65F770F51BEE162A0007D80E /* DateRangePickerTests */ = {
			isa = PBXGroup;
			children = (
				65F7715B1BEF62F70007D80E /* DateRangeTest.swift */,
				65F7714B1BEE4D910007D80E /* NSDate_DateRangePickerTest.swift */,
				65F770F81BEE162A0007D80E /* Info.plist */,
			);
			path = DateRangePickerTests;
			sourceTree = "<group>";
		};
		65F771061BEE16440007D80E /* DateRangePickerDemo */ = {
			isa = PBXGroup;
			children = (
				65F771071BEE16440007D80E /* AppDelegate.swift */,
				65F771091BEE16440007D80E /* ViewController.swift */,
				65F7710B1BEE16440007D80E /* Assets.xcassets */,
				65F7710D1BEE16440007D80E /* Main.storyboard */,
				65F771101BEE16440007D80E /* Info.plist */,
			);
			path = DateRangePickerDemo;
			sourceTree = "<group>";
		};
		65F771181BEE16440007D80E /* DateRangePickerDemoUITests */ = {
			isa = PBXGroup;
			children = (
				65F771191BEE16440007D80E /* DateRangePickerDemoUITests.swift */,
				65F7711B1BEE16440007D80E /* Info.plist */,
			);
			path = DateRangePickerDemoUITests;
			sourceTree = "<group>";
		};
/* End PBXGroup section */

/* Begin PBXHeadersBuildPhase section */
		65F770E41BEE162A0007D80E /* Headers */ = {
			isa = PBXHeadersBuildPhase;
			buildActionMask = 2147483647;
			files = (
				65F770EB1BEE162A0007D80E /* DateRangePicker.h in Headers */,
			);
			runOnlyForDeploymentPostprocessing = 0;
		};
/* End PBXHeadersBuildPhase section */

/* Begin PBXNativeTarget section */
		65F770E61BEE162A0007D80E /* DateRangePicker */ = {
			isa = PBXNativeTarget;
			buildConfigurationList = 65F770FB1BEE162A0007D80E /* Build configuration list for PBXNativeTarget "DateRangePicker" */;
			buildPhases = (
				65F770E21BEE162A0007D80E /* Sources */,
				65F770E31BEE162A0007D80E /* Frameworks */,
				65F770E41BEE162A0007D80E /* Headers */,
				65F770E51BEE162A0007D80E /* Resources */,
			);
			buildRules = (
			);
			dependencies = (
			);
			name = DateRangePicker;
			productName = DateRangePicker;
			productReference = 65F770E71BEE162A0007D80E /* DateRangePicker.framework */;
			productType = "com.apple.product-type.framework";
		};
		65F770F01BEE162A0007D80E /* DateRangePickerTests */ = {
			isa = PBXNativeTarget;
			buildConfigurationList = 65F770FE1BEE162A0007D80E /* Build configuration list for PBXNativeTarget "DateRangePickerTests" */;
			buildPhases = (
				65F770ED1BEE162A0007D80E /* Sources */,
				65F770EE1BEE162A0007D80E /* Frameworks */,
				65F770EF1BEE162A0007D80E /* Resources */,
			);
			buildRules = (
			);
			dependencies = (
				65F770F41BEE162A0007D80E /* PBXTargetDependency */,
			);
			name = DateRangePickerTests;
			productName = DateRangePickerTests;
			productReference = 65F770F11BEE162A0007D80E /* DateRangePickerTests.xctest */;
			productType = "com.apple.product-type.bundle.unit-test";
		};
		65F771041BEE16440007D80E /* DateRangePickerDemo */ = {
			isa = PBXNativeTarget;
			buildConfigurationList = 65F7711C1BEE16440007D80E /* Build configuration list for PBXNativeTarget "DateRangePickerDemo" */;
			buildPhases = (
				65F771011BEE16440007D80E /* Sources */,
				65F771021BEE16440007D80E /* Frameworks */,
				65F771031BEE16440007D80E /* Resources */,
			);
			buildRules = (
			);
			dependencies = (
				65F771261BEE18A20007D80E /* PBXTargetDependency */,
			);
			name = DateRangePickerDemo;
			productName = DateRangePickerDemo;
			productReference = 65F771051BEE16440007D80E /* DateRangePickerDemo.app */;
			productType = "com.apple.product-type.application";
		};
		65F771141BEE16440007D80E /* DateRangePickerDemoUITests */ = {
			isa = PBXNativeTarget;
			buildConfigurationList = 65F7711F1BEE16440007D80E /* Build configuration list for PBXNativeTarget "DateRangePickerDemoUITests" */;
			buildPhases = (
				65F771111BEE16440007D80E /* Sources */,
				65F771121BEE16440007D80E /* Frameworks */,
				65F771131BEE16440007D80E /* Resources */,
			);
			buildRules = (
			);
			dependencies = (
				65F771171BEE16440007D80E /* PBXTargetDependency */,
			);
			name = DateRangePickerDemoUITests;
			productName = DateRangePickerDemoUITests;
			productReference = 65F771151BEE16440007D80E /* DateRangePickerDemoUITests.xctest */;
			productType = "com.apple.product-type.bundle.ui-testing";
		};
/* End PBXNativeTarget section */

/* Begin PBXProject section */
		65F770DE1BEE162A0007D80E /* Project object */ = {
			isa = PBXProject;
			attributes = {
				LastSwiftUpdateCheck = 0710;
				LastUpgradeCheck = 0930;
				ORGANIZATIONNAME = "Daniel Alm";
				TargetAttributes = {
					65F770E61BEE162A0007D80E = {
						CreatedOnToolsVersion = 7.1;
						LastSwiftMigration = 1000;
					};
					65F770F01BEE162A0007D80E = {
						CreatedOnToolsVersion = 7.1;
						LastSwiftMigration = 0800;
					};
					65F771041BEE16440007D80E = {
						CreatedOnToolsVersion = 7.1;
						LastSwiftMigration = 0910;
					};
					65F771141BEE16440007D80E = {
						CreatedOnToolsVersion = 7.1;
						LastSwiftMigration = 0910;
						TestTargetID = 65F771041BEE16440007D80E;
					};
				};
			};
			buildConfigurationList = 65F770E11BEE162A0007D80E /* Build configuration list for PBXProject "DateRangePicker" */;
			compatibilityVersion = "Xcode 3.2";
			developmentRegion = English;
			hasScannedForEncodings = 0;
			knownRegions = (
				en,
				Base,
				de,
				ru,
				"zh-Hans",
			);
			mainGroup = 65F770DD1BEE162A0007D80E;
			productRefGroup = 65F770E81BEE162A0007D80E /* Products */;
			projectDirPath = "";
			projectRoot = "";
			targets = (
				65F770E61BEE162A0007D80E /* DateRangePicker */,
				65F770F01BEE162A0007D80E /* DateRangePickerTests */,
				65F771041BEE16440007D80E /* DateRangePickerDemo */,
				65F771141BEE16440007D80E /* DateRangePickerDemoUITests */,
			);
		};
/* End PBXProject section */

/* Begin PBXResourcesBuildPhase section */
		65F770E51BEE162A0007D80E /* Resources */ = {
			isa = PBXResourcesBuildPhase;
			buildActionMask = 2147483647;
			files = (
				6527FA3D1BF11E5C00E0FB5D /* ExpandedDateRangePickerController.xib in Resources */,
				6527FA431BF11FCA00E0FB5D /* Localizable.strings in Resources */,
			);
			runOnlyForDeploymentPostprocessing = 0;
		};
		65F770EF1BEE162A0007D80E /* Resources */ = {
			isa = PBXResourcesBuildPhase;
			buildActionMask = 2147483647;
			files = (
			);
			runOnlyForDeploymentPostprocessing = 0;
		};
		65F771031BEE16440007D80E /* Resources */ = {
			isa = PBXResourcesBuildPhase;
			buildActionMask = 2147483647;
			files = (
				65F7710C1BEE16440007D80E /* Assets.xcassets in Resources */,
				65F7710F1BEE16440007D80E /* Main.storyboard in Resources */,
			);
			runOnlyForDeploymentPostprocessing = 0;
		};
		65F771131BEE16440007D80E /* Resources */ = {
			isa = PBXResourcesBuildPhase;
			buildActionMask = 2147483647;
			files = (
			);
			runOnlyForDeploymentPostprocessing = 0;
		};
/* End PBXResourcesBuildPhase section */

/* Begin PBXSourcesBuildPhase section */
		65F770E21BEE162A0007D80E /* Sources */ = {
			isa = PBXSourcesBuildPhase;
			buildActionMask = 2147483647;
			files = (
				65F7714A1BEE4B140007D80E /* NSDate_DateRangePicker.swift in Sources */,
				65F771231BEE16760007D80E /* DateRangePickerView.swift in Sources */,
				65F7715A1BEE79A30007D80E /* DateRange.swift in Sources */,
				65F7714F1BEE54CA0007D80E /* ExpandedDateRangePickerController.swift in Sources */,
				6527FA471BF1230900E0FB5D /* LocalizationHelper.swift in Sources */,
				659FB87B201678B20046CAD1 /* DateErrorLogger.swift in Sources */,
			);
			runOnlyForDeploymentPostprocessing = 0;
		};
		65F770ED1BEE162A0007D80E /* Sources */ = {
			isa = PBXSourcesBuildPhase;
			buildActionMask = 2147483647;
			files = (
				65F7714C1BEE4D910007D80E /* NSDate_DateRangePickerTest.swift in Sources */,
				65F7715C1BEF62F70007D80E /* DateRangeTest.swift in Sources */,
			);
			runOnlyForDeploymentPostprocessing = 0;
		};
		65F771011BEE16440007D80E /* Sources */ = {
			isa = PBXSourcesBuildPhase;
			buildActionMask = 2147483647;
			files = (
				65F7710A1BEE16440007D80E /* ViewController.swift in Sources */,
				65F771081BEE16440007D80E /* AppDelegate.swift in Sources */,
			);
			runOnlyForDeploymentPostprocessing = 0;
		};
		65F771111BEE16440007D80E /* Sources */ = {
			isa = PBXSourcesBuildPhase;
			buildActionMask = 2147483647;
			files = (
				65F7711A1BEE16440007D80E /* DateRangePickerDemoUITests.swift in Sources */,
			);
			runOnlyForDeploymentPostprocessing = 0;
		};
/* End PBXSourcesBuildPhase section */

/* Begin PBXTargetDependency section */
		65F770F41BEE162A0007D80E /* PBXTargetDependency */ = {
			isa = PBXTargetDependency;
			target = 65F770E61BEE162A0007D80E /* DateRangePicker */;
			targetProxy = 65F770F31BEE162A0007D80E /* PBXContainerItemProxy */;
		};
		65F771171BEE16440007D80E /* PBXTargetDependency */ = {
			isa = PBXTargetDependency;
			target = 65F771041BEE16440007D80E /* DateRangePickerDemo */;
			targetProxy = 65F771161BEE16440007D80E /* PBXContainerItemProxy */;
		};
		65F771261BEE18A20007D80E /* PBXTargetDependency */ = {
			isa = PBXTargetDependency;
			target = 65F770E61BEE162A0007D80E /* DateRangePicker */;
			targetProxy = 65F771251BEE18A20007D80E /* PBXContainerItemProxy */;
		};
/* End PBXTargetDependency section */

/* Begin PBXVariantGroup section */
		6527FA3F1BF11E5C00E0FB5D /* ExpandedDateRangePickerController.xib */ = {
			isa = PBXVariantGroup;
			children = (
				6527FA3E1BF11E5C00E0FB5D /* Base */,
				6527FA401BF11E6D00E0FB5D /* de */,
				24601D981DCA4685002B085D /* ru */,
				650A03A7213842E50031A1E0 /* zh-Hans */,
			);
			name = ExpandedDateRangePickerController.xib;
			sourceTree = "<group>";
		};
		6527FA411BF11FCA00E0FB5D /* Localizable.strings */ = {
			isa = PBXVariantGroup;
			children = (
				6527FA421BF11FCA00E0FB5D /* de */,
				24601D9A1DCA4685002B085D /* ru */,
				650A03AF213842E60031A1E0 /* zh-Hans */,
			);
			name = Localizable.strings;
			sourceTree = "<group>";
		};
		65F7710D1BEE16440007D80E /* Main.storyboard */ = {
			isa = PBXVariantGroup;
			children = (
				65F7710E1BEE16440007D80E /* Base */,
				6527FA451BF121C100E0FB5D /* de */,
				24601D991DCA4685002B085D /* ru */,
			);
			name = Main.storyboard;
			sourceTree = "<group>";
		};
/* End PBXVariantGroup section */

/* Begin XCBuildConfiguration section */
		65F770F91BEE162A0007D80E /* Debug */ = {
			isa = XCBuildConfiguration;
			buildSettings = {
				ALWAYS_SEARCH_USER_PATHS = NO;
				CLANG_ANALYZER_LOCALIZABILITY_NONLOCALIZED = YES;
				CLANG_CXX_LANGUAGE_STANDARD = "gnu++0x";
				CLANG_CXX_LIBRARY = "libc++";
				CLANG_ENABLE_MODULES = YES;
				CLANG_ENABLE_OBJC_ARC = YES;
				CLANG_WARN_BLOCK_CAPTURE_AUTORELEASING = YES;
				CLANG_WARN_BOOL_CONVERSION = YES;
				CLANG_WARN_COMMA = YES;
				CLANG_WARN_CONSTANT_CONVERSION = YES;
				CLANG_WARN_DEPRECATED_OBJC_IMPLEMENTATIONS = YES;
				CLANG_WARN_DIRECT_OBJC_ISA_USAGE = YES_ERROR;
				CLANG_WARN_EMPTY_BODY = YES;
				CLANG_WARN_ENUM_CONVERSION = YES;
				CLANG_WARN_INFINITE_RECURSION = YES;
				CLANG_WARN_INT_CONVERSION = YES;
				CLANG_WARN_NON_LITERAL_NULL_CONVERSION = YES;
				CLANG_WARN_OBJC_IMPLICIT_RETAIN_SELF = YES;
				CLANG_WARN_OBJC_LITERAL_CONVERSION = YES;
				CLANG_WARN_OBJC_ROOT_CLASS = YES_ERROR;
				CLANG_WARN_RANGE_LOOP_ANALYSIS = YES;
				CLANG_WARN_STRICT_PROTOTYPES = YES;
				CLANG_WARN_SUSPICIOUS_MOVE = YES;
				CLANG_WARN_UNREACHABLE_CODE = YES;
				CLANG_WARN__DUPLICATE_METHOD_MATCH = YES;
				CODE_SIGN_IDENTITY = "-";
				COPY_PHASE_STRIP = NO;
				CURRENT_PROJECT_VERSION = 1;
				DEBUG_INFORMATION_FORMAT = dwarf;
				ENABLE_STRICT_OBJC_MSGSEND = YES;
				ENABLE_TESTABILITY = YES;
				GCC_C_LANGUAGE_STANDARD = gnu99;
				GCC_DYNAMIC_NO_PIC = NO;
				GCC_NO_COMMON_BLOCKS = YES;
				GCC_OPTIMIZATION_LEVEL = 0;
				GCC_PREPROCESSOR_DEFINITIONS = (
					"DEBUG=1",
					"$(inherited)",
				);
				GCC_WARN_64_TO_32_BIT_CONVERSION = YES;
				GCC_WARN_ABOUT_RETURN_TYPE = YES_ERROR;
				GCC_WARN_UNDECLARED_SELECTOR = YES;
				GCC_WARN_UNINITIALIZED_AUTOS = YES_AGGRESSIVE;
				GCC_WARN_UNUSED_FUNCTION = YES;
				GCC_WARN_UNUSED_VARIABLE = YES;
				MTL_ENABLE_DEBUG_INFO = YES;
				ONLY_ACTIVE_ARCH = YES;
				SDKROOT = macosx;
				SWIFT_OPTIMIZATION_LEVEL = "-Onone";
				SWIFT_VERSION = 5.0;
				VERSIONING_SYSTEM = "apple-generic";
				VERSION_INFO_PREFIX = "";
			};
			name = Debug;
		};
		65F770FA1BEE162A0007D80E /* Release */ = {
			isa = XCBuildConfiguration;
			buildSettings = {
				ALWAYS_SEARCH_USER_PATHS = NO;
				CLANG_ANALYZER_LOCALIZABILITY_NONLOCALIZED = YES;
				CLANG_CXX_LANGUAGE_STANDARD = "gnu++0x";
				CLANG_CXX_LIBRARY = "libc++";
				CLANG_ENABLE_MODULES = YES;
				CLANG_ENABLE_OBJC_ARC = YES;
				CLANG_WARN_BLOCK_CAPTURE_AUTORELEASING = YES;
				CLANG_WARN_BOOL_CONVERSION = YES;
				CLANG_WARN_COMMA = YES;
				CLANG_WARN_CONSTANT_CONVERSION = YES;
				CLANG_WARN_DEPRECATED_OBJC_IMPLEMENTATIONS = YES;
				CLANG_WARN_DIRECT_OBJC_ISA_USAGE = YES_ERROR;
				CLANG_WARN_EMPTY_BODY = YES;
				CLANG_WARN_ENUM_CONVERSION = YES;
				CLANG_WARN_INFINITE_RECURSION = YES;
				CLANG_WARN_INT_CONVERSION = YES;
				CLANG_WARN_NON_LITERAL_NULL_CONVERSION = YES;
				CLANG_WARN_OBJC_IMPLICIT_RETAIN_SELF = YES;
				CLANG_WARN_OBJC_LITERAL_CONVERSION = YES;
				CLANG_WARN_OBJC_ROOT_CLASS = YES_ERROR;
				CLANG_WARN_RANGE_LOOP_ANALYSIS = YES;
				CLANG_WARN_STRICT_PROTOTYPES = YES;
				CLANG_WARN_SUSPICIOUS_MOVE = YES;
				CLANG_WARN_UNREACHABLE_CODE = YES;
				CLANG_WARN__DUPLICATE_METHOD_MATCH = YES;
				CODE_SIGN_IDENTITY = "-";
				COPY_PHASE_STRIP = NO;
				CURRENT_PROJECT_VERSION = 1;
				DEBUG_INFORMATION_FORMAT = "dwarf-with-dsym";
				ENABLE_NS_ASSERTIONS = NO;
				ENABLE_STRICT_OBJC_MSGSEND = YES;
				GCC_C_LANGUAGE_STANDARD = gnu99;
				GCC_NO_COMMON_BLOCKS = YES;
				GCC_WARN_64_TO_32_BIT_CONVERSION = YES;
				GCC_WARN_ABOUT_RETURN_TYPE = YES_ERROR;
				GCC_WARN_UNDECLARED_SELECTOR = YES;
				GCC_WARN_UNINITIALIZED_AUTOS = YES_AGGRESSIVE;
				GCC_WARN_UNUSED_FUNCTION = YES;
				GCC_WARN_UNUSED_VARIABLE = YES;
				MTL_ENABLE_DEBUG_INFO = NO;
				SDKROOT = macosx;
				SWIFT_OPTIMIZATION_LEVEL = "-Owholemodule";
				SWIFT_VERSION = 5.0;
				VERSIONING_SYSTEM = "apple-generic";
				VERSION_INFO_PREFIX = "";
			};
			name = Release;
		};
		65F770FC1BEE162A0007D80E /* Debug */ = {
			isa = XCBuildConfiguration;
			buildSettings = {
				CLANG_ENABLE_MODULES = YES;
				COMBINE_HIDPI_IMAGES = YES;
				DEFINES_MODULE = YES;
				DYLIB_COMPATIBILITY_VERSION = 1;
				DYLIB_CURRENT_VERSION = 1;
				DYLIB_INSTALL_NAME_BASE = "@rpath";
				FRAMEWORK_VERSION = A;
				INFOPLIST_FILE = DateRangePicker/Info.plist;
				INSTALL_PATH = "$(LOCAL_LIBRARY_DIR)/Frameworks";
				LD_RUNPATH_SEARCH_PATHS = "$(inherited) @executable_path/../Frameworks @loader_path/Frameworks";
				MACOSX_DEPLOYMENT_TARGET = 10.9;
				PRODUCT_BUNDLE_IDENTIFIER = de.danielalm.DateRangePicker;
				PRODUCT_NAME = "$(TARGET_NAME)";
				SKIP_INSTALL = YES;
			};
			name = Debug;
		};
		65F770FD1BEE162A0007D80E /* Release */ = {
			isa = XCBuildConfiguration;
			buildSettings = {
				CLANG_ENABLE_MODULES = YES;
				COMBINE_HIDPI_IMAGES = YES;
				DEFINES_MODULE = YES;
				DYLIB_COMPATIBILITY_VERSION = 1;
				DYLIB_CURRENT_VERSION = 1;
				DYLIB_INSTALL_NAME_BASE = "@rpath";
				FRAMEWORK_VERSION = A;
				INFOPLIST_FILE = DateRangePicker/Info.plist;
				INSTALL_PATH = "$(LOCAL_LIBRARY_DIR)/Frameworks";
				LD_RUNPATH_SEARCH_PATHS = "$(inherited) @executable_path/../Frameworks @loader_path/Frameworks";
				MACOSX_DEPLOYMENT_TARGET = 10.9;
				PRODUCT_BUNDLE_IDENTIFIER = de.danielalm.DateRangePicker;
				PRODUCT_NAME = "$(TARGET_NAME)";
				SKIP_INSTALL = YES;
			};
			name = Release;
		};
		65F770FF1BEE162A0007D80E /* Debug */ = {
			isa = XCBuildConfiguration;
			buildSettings = {
				COMBINE_HIDPI_IMAGES = YES;
				INFOPLIST_FILE = DateRangePickerTests/Info.plist;
				LD_RUNPATH_SEARCH_PATHS = "$(inherited) @executable_path/../Frameworks @loader_path/../Frameworks";
				PRODUCT_BUNDLE_IDENTIFIER = de.danielalm.DateRangePickerTests;
				PRODUCT_NAME = "$(TARGET_NAME)";
				SWIFT_VERSION = 4.0;
			};
			name = Debug;
		};
		65F771001BEE162A0007D80E /* Release */ = {
			isa = XCBuildConfiguration;
			buildSettings = {
				COMBINE_HIDPI_IMAGES = YES;
				INFOPLIST_FILE = DateRangePickerTests/Info.plist;
				LD_RUNPATH_SEARCH_PATHS = "$(inherited) @executable_path/../Frameworks @loader_path/../Frameworks";
				PRODUCT_BUNDLE_IDENTIFIER = de.danielalm.DateRangePickerTests;
				PRODUCT_NAME = "$(TARGET_NAME)";
				SWIFT_VERSION = 4.0;
			};
			name = Release;
		};
		65F7711D1BEE16440007D80E /* Debug */ = {
			isa = XCBuildConfiguration;
			buildSettings = {
				ASSETCATALOG_COMPILER_APPICON_NAME = AppIcon;
				COMBINE_HIDPI_IMAGES = YES;
				INFOPLIST_FILE = DateRangePickerDemo/Info.plist;
				LD_RUNPATH_SEARCH_PATHS = "$(inherited) @executable_path/../Frameworks";
				MACOSX_DEPLOYMENT_TARGET = 10.10;
				PRODUCT_BUNDLE_IDENTIFIER = de.danielalm.DateRangePickerDemo;
				PRODUCT_NAME = "$(TARGET_NAME)";
				SWIFT_VERSION = 4.0;
			};
			name = Debug;
		};
		65F7711E1BEE16440007D80E /* Release */ = {
			isa = XCBuildConfiguration;
			buildSettings = {
				ASSETCATALOG_COMPILER_APPICON_NAME = AppIcon;
				COMBINE_HIDPI_IMAGES = YES;
				INFOPLIST_FILE = DateRangePickerDemo/Info.plist;
				LD_RUNPATH_SEARCH_PATHS = "$(inherited) @executable_path/../Frameworks";
				MACOSX_DEPLOYMENT_TARGET = 10.10;
				PRODUCT_BUNDLE_IDENTIFIER = de.danielalm.DateRangePickerDemo;
				PRODUCT_NAME = "$(TARGET_NAME)";
				SWIFT_VERSION = 4.0;
			};
			name = Release;
		};
		65F771201BEE16440007D80E /* Debug */ = {
			isa = XCBuildConfiguration;
			buildSettings = {
				COMBINE_HIDPI_IMAGES = YES;
				INFOPLIST_FILE = DateRangePickerDemoUITests/Info.plist;
				LD_RUNPATH_SEARCH_PATHS = "$(inherited) @executable_path/../Frameworks @loader_path/../Frameworks";
				PRODUCT_BUNDLE_IDENTIFIER = de.danielalm.DateRangePickerDemoUITests;
				PRODUCT_NAME = "$(TARGET_NAME)";
				SWIFT_VERSION = 4.0;
				TEST_TARGET_NAME = DateRangePickerDemo;
				USES_XCTRUNNER = YES;
			};
			name = Debug;
		};
		65F771211BEE16440007D80E /* Release */ = {
			isa = XCBuildConfiguration;
			buildSettings = {
				COMBINE_HIDPI_IMAGES = YES;
				INFOPLIST_FILE = DateRangePickerDemoUITests/Info.plist;
				LD_RUNPATH_SEARCH_PATHS = "$(inherited) @executable_path/../Frameworks @loader_path/../Frameworks";
				PRODUCT_BUNDLE_IDENTIFIER = de.danielalm.DateRangePickerDemoUITests;
				PRODUCT_NAME = "$(TARGET_NAME)";
				SWIFT_VERSION = 4.0;
				TEST_TARGET_NAME = DateRangePickerDemo;
				USES_XCTRUNNER = YES;
			};
			name = Release;
		};
/* End XCBuildConfiguration section */

/* Begin XCConfigurationList section */
		65F770E11BEE162A0007D80E /* Build configuration list for PBXProject "DateRangePicker" */ = {
			isa = XCConfigurationList;
			buildConfigurations = (
				65F770F91BEE162A0007D80E /* Debug */,
				65F770FA1BEE162A0007D80E /* Release */,
			);
			defaultConfigurationIsVisible = 0;
			defaultConfigurationName = Release;
		};
		65F770FB1BEE162A0007D80E /* Build configuration list for PBXNativeTarget "DateRangePicker" */ = {
			isa = XCConfigurationList;
			buildConfigurations = (
				65F770FC1BEE162A0007D80E /* Debug */,
				65F770FD1BEE162A0007D80E /* Release */,
			);
			defaultConfigurationIsVisible = 0;
			defaultConfigurationName = Release;
		};
		65F770FE1BEE162A0007D80E /* Build configuration list for PBXNativeTarget "DateRangePickerTests" */ = {
			isa = XCConfigurationList;
			buildConfigurations = (
				65F770FF1BEE162A0007D80E /* Debug */,
				65F771001BEE162A0007D80E /* Release */,
			);
			defaultConfigurationIsVisible = 0;
			defaultConfigurationName = Release;
		};
		65F7711C1BEE16440007D80E /* Build configuration list for PBXNativeTarget "DateRangePickerDemo" */ = {
			isa = XCConfigurationList;
			buildConfigurations = (
				65F7711D1BEE16440007D80E /* Debug */,
				65F7711E1BEE16440007D80E /* Release */,
			);
			defaultConfigurationIsVisible = 0;
			defaultConfigurationName = Release;
		};
		65F7711F1BEE16440007D80E /* Build configuration list for PBXNativeTarget "DateRangePickerDemoUITests" */ = {
			isa = XCConfigurationList;
			buildConfigurations = (
				65F771201BEE16440007D80E /* Debug */,
				65F771211BEE16440007D80E /* Release */,
			);
			defaultConfigurationIsVisible = 0;
			defaultConfigurationName = Release;
		};
/* End XCConfigurationList section */
	};
	rootObject = 65F770DE1BEE162A0007D80E /* Project object */;
}
